{
  "version": 4,
  "terraform_version": "1.1.2",
  "serial": 56,
  "lineage": "ee6f6e04-1516-8a65-59f5-dae22bd734b7",
  "outputs": {},
  "resources": [
    {
      "mode": "managed",
      "type": "google_compute_firewall",
      "name": "iap",
      "provider": "provider[\"registry.terraform.io/hashicorp/google\"]",
      "instances": [
        {
          "schema_version": 1,
          "attributes": {
            "allow": [
              {
                "ports": [
                  "22"
                ],
                "protocol": "tcp"
              }
            ],
            "creation_timestamp": "2022-02-15T05:21:12.968-08:00",
            "deny": [],
            "description": "",
            "destination_ranges": [],
            "direction": "INGRESS",
            "disabled": false,
            "enable_logging": null,
            "id": "projects/lustrous-maxim-341315/global/firewalls/iap-firewall-rule",
            "log_config": [],
            "name": "iap-firewall-rule",
            "network": "https://www.googleapis.com/compute/v1/projects/lustrous-maxim-341315/global/networks/custom-vpc",
            "priority": 1000,
            "project": "lustrous-maxim-341315",
            "self_link": "https://www.googleapis.com/compute/v1/projects/lustrous-maxim-341315/global/firewalls/iap-firewall-rule",
            "source_ranges": [
              "35.235.240.0/20"
            ],
            "source_service_accounts": [],
            "source_tags": [],
            "target_service_accounts": [],
            "target_tags": [],
            "timeouts": null
          },
          "sensitive_attributes": [],
          "private": "eyJlMmJmYjczMC1lY2FhLTExZTYtOGY4OC0zNDM2M2JjN2M0YzAiOnsiY3JlYXRlIjoxMjAwMDAwMDAwMDAwLCJkZWxldGUiOjEyMDAwMDAwMDAwMDAsInVwZGF0ZSI6MTIwMDAwMDAwMDAwMH0sInNjaGVtYV92ZXJzaW9uIjoiMSJ9",
          "dependencies": [
            "google_compute_network.vpc_network"
          ]
        }
      ]
    },
    {
      "mode": "managed",
      "type": "google_compute_instance",
      "name": "private_vm",
      "provider": "provider[\"registry.terraform.io/hashicorp/google\"]",
      "instances": [
        {
          "schema_version": 6,
          "attributes": {
            "advanced_machine_features": [],
            "allow_stopping_for_update": null,
            "attached_disk": [],
            "boot_disk": [
              {
                "auto_delete": true,
                "device_name": "persistent-disk-0",
                "disk_encryption_key_raw": "",
                "disk_encryption_key_sha256": "",
                "initialize_params": [
                  {
                    "image": "https://www.googleapis.com/compute/v1/projects/ubuntu-os-cloud/global/images/ubuntu-2004-focal-v20220204",
                    "labels": {},
                    "size": 10,
                    "type": "pd-standard"
                  }
                ],
                "kms_key_self_link": "",
                "mode": "READ_WRITE",
                "source": "https://www.googleapis.com/compute/v1/projects/lustrous-maxim-341315/zones/europe-west2-b/disks/private"
              }
            ],
            "can_ip_forward": false,
            "confidential_instance_config": [],
            "cpu_platform": "Intel Broadwell",
            "current_status": "RUNNING",
            "deletion_protection": false,
            "description": "",
            "desired_status": null,
            "enable_display": false,
            "guest_accelerator": [],
            "hostname": "",
            "id": "projects/lustrous-maxim-341315/zones/europe-west2-b/instances/private",
            "instance_id": "3899412149917062670",
            "label_fingerprint": "42WmSpB8rSM=",
            "labels": {},
            "machine_type": "e2-micro",
            "metadata": {},
            "metadata_fingerprint": "Hb8aTy-eiTI=",
            "metadata_startup_script": "  sudo adduser --disabled-password --gecos \"\" ansible;\n  usermod -aG sudo ansible;\n  sudo chown -R ansible:ansible /home/ansible/;\n  curl -LO https://storage.googleapis.com/kubernetes-release/release/v1.18.0/bin/linux/amd64/kubectl;\n  chmod +x ./kubectl;\n  sudo mv ./kubectl /usr/local/bin/kubectl;\n  sudo apt-get update;\n  sudo apt-get install -y ansible;\n  runuser -l ansible -c 'ansible-galaxy collection install kubernetes.core' ;\n  runuser -l ansible -c 'ansible-galaxy collection install cloud.common' ;\n  sudo apt update ;\n  sudo apt -y install python3-pip ;\n  sudo pip install kubernetes ;\n",
            "min_cpu_platform": "",
            "name": "private",
            "network_interface": [
              {
                "access_config": [],
                "alias_ip_range": [],
                "ipv6_access_config": [],
                "ipv6_access_type": "",
                "name": "nic0",
                "network": "https://www.googleapis.com/compute/v1/projects/lustrous-maxim-341315/global/networks/custom-vpc",
                "network_ip": "10.0.1.2",
                "nic_type": "",
                "queue_count": 0,
                "stack_type": "IPV4_ONLY",
                "subnetwork": "https://www.googleapis.com/compute/v1/projects/lustrous-maxim-341315/regions/europe-west2/subnetworks/private-subnet",
                "subnetwork_project": "lustrous-maxim-341315"
              }
            ],
            "project": "lustrous-maxim-341315",
            "reservation_affinity": [],
            "resource_policies": [],
            "scheduling": [
              {
                "automatic_restart": true,
                "min_node_cpus": 0,
                "node_affinities": [],
                "on_host_maintenance": "MIGRATE",
                "preemptible": false
              }
            ],
            "scratch_disk": [],
            "self_link": "https://www.googleapis.com/compute/v1/projects/lustrous-maxim-341315/zones/europe-west2-b/instances/private",
            "service_account": [
              {
                "email": "vm-service-acount@lustrous-maxim-341315.iam.gserviceaccount.com",
                "scopes": [
                  "https://www.googleapis.com/auth/cloud-platform"
                ]
              }
            ],
            "shielded_instance_config": [
              {
                "enable_integrity_monitoring": true,
                "enable_secure_boot": false,
                "enable_vtpm": true
              }
            ],
            "tags": [],
            "tags_fingerprint": "42WmSpB8rSM=",
            "timeouts": null,
            "zone": "europe-west2-b"
          },
          "sensitive_attributes": [],
          "private": "eyJlMmJmYjczMC1lY2FhLTExZTYtOGY4OC0zNDM2M2JjN2M0YzAiOnsiY3JlYXRlIjoxMjAwMDAwMDAwMDAwLCJkZWxldGUiOjEyMDAwMDAwMDAwMDAsInVwZGF0ZSI6MTIwMDAwMDAwMDAwMH0sInNjaGVtYV92ZXJzaW9uIjoiNiJ9",
          "dependencies": [
            "google_compute_network.vpc_network",
            "google_compute_subnetwork.private-subnet",
            "google_service_account.vm_service_account"
          ]
        }
      ]
    },
    {
      "mode": "managed",
      "type": "google_compute_network",
      "name": "vpc_network",
      "provider": "provider[\"registry.terraform.io/hashicorp/google\"]",
      "instances": [
        {
          "schema_version": 0,
          "attributes": {
            "auto_create_subnetworks": false,
            "delete_default_routes_on_create": false,
            "description": "",
            "gateway_ipv4": "",
            "id": "projects/lustrous-maxim-341315/global/networks/custom-vpc",
            "mtu": 1460,
            "name": "custom-vpc",
            "project": "lustrous-maxim-341315",
            "routing_mode": "REGIONAL",
            "self_link": "https://www.googleapis.com/compute/v1/projects/lustrous-maxim-341315/global/networks/custom-vpc",
            "timeouts": null
          },
          "sensitive_attributes": [],
          "private": "eyJlMmJmYjczMC1lY2FhLTExZTYtOGY4OC0zNDM2M2JjN2M0YzAiOnsiY3JlYXRlIjoxMjAwMDAwMDAwMDAwLCJkZWxldGUiOjEyMDAwMDAwMDAwMDAsInVwZGF0ZSI6MTIwMDAwMDAwMDAwMH19"
        }
      ]
    },
    {
      "mode": "managed",
      "type": "google_compute_router",
      "name": "router",
      "provider": "provider[\"registry.terraform.io/hashicorp/google\"]",
      "instances": [
        {
          "schema_version": 0,
          "attributes": {
            "bgp": [
              {
                "advertise_mode": "DEFAULT",
                "advertised_groups": [],
                "advertised_ip_ranges": [],
                "asn": 64514
              }
            ],
            "creation_timestamp": "2022-02-15T05:21:36.860-08:00",
            "description": "",
            "encrypted_interconnect_router": false,
            "id": "projects/lustrous-maxim-341315/regions/europe-west2/routers/my-router",
            "name": "my-router",
            "network": "https://www.googleapis.com/compute/v1/projects/lustrous-maxim-341315/global/networks/custom-vpc",
            "project": "lustrous-maxim-341315",
            "region": "europe-west2",
            "self_link": "https://www.googleapis.com/compute/v1/projects/lustrous-maxim-341315/regions/europe-west2/routers/my-router",
            "timeouts": null
          },
          "sensitive_attributes": [],
          "private": "eyJlMmJmYjczMC1lY2FhLTExZTYtOGY4OC0zNDM2M2JjN2M0YzAiOnsiY3JlYXRlIjoxMjAwMDAwMDAwMDAwLCJkZWxldGUiOjEyMDAwMDAwMDAwMDAsInVwZGF0ZSI6MTIwMDAwMDAwMDAwMH19",
          "dependencies": [
            "google_compute_network.vpc_network",
            "google_compute_subnetwork.private-subnet"
          ]
        }
      ]
    },
    {
      "mode": "managed",
      "type": "google_compute_router",
      "name": "router2",
      "provider": "provider[\"registry.terraform.io/hashicorp/google\"]",
      "instances": [
        {
          "schema_version": 0,
          "attributes": {
            "bgp": [
              {
                "advertise_mode": "DEFAULT",
                "advertised_groups": null,
                "advertised_ip_ranges": [],
                "asn": 64514
              }
            ],
            "creation_timestamp": "2022-02-15T07:21:26.406-08:00",
            "description": "",
            "encrypted_interconnect_router": false,
            "id": "projects/lustrous-maxim-341315/regions/europe-west2/routers/my-router2",
            "name": "my-router2",
            "network": "https://www.googleapis.com/compute/v1/projects/lustrous-maxim-341315/global/networks/custom-vpc",
            "project": "lustrous-maxim-341315",
            "region": "europe-west2",
            "self_link": "https://www.googleapis.com/compute/v1/projects/lustrous-maxim-341315/regions/europe-west2/routers/my-router2",
            "timeouts": null
          },
          "sensitive_attributes": [],
          "private": "eyJlMmJmYjczMC1lY2FhLTExZTYtOGY4OC0zNDM2M2JjN2M0YzAiOnsiY3JlYXRlIjoxMjAwMDAwMDAwMDAwLCJkZWxldGUiOjEyMDAwMDAwMDAwMDAsInVwZGF0ZSI6MTIwMDAwMDAwMDAwMH19",
          "dependencies": [
            "google_compute_network.vpc_network",
            "google_compute_subnetwork.Restricted"
          ]
        }
      ]
    },
    {
      "mode": "managed",
      "type": "google_compute_router_nat",
      "name": "nat",
      "provider": "provider[\"registry.terraform.io/hashicorp/google\"]",
      "instances": [
        {
          "schema_version": 0,
          "attributes": {
            "drain_nat_ips": [],
            "enable_endpoint_independent_mapping": true,
            "icmp_idle_timeout_sec": 30,
            "id": "lustrous-maxim-341315/europe-west2/my-router/my-nat",
            "log_config": [],
            "min_ports_per_vm": 0,
            "name": "my-nat",
            "nat_ip_allocate_option": "AUTO_ONLY",
            "nat_ips": [],
            "project": "lustrous-maxim-341315",
            "region": "europe-west2",
            "router": "my-router",
            "source_subnetwork_ip_ranges_to_nat": "LIST_OF_SUBNETWORKS",
            "subnetwork": [
              {
                "name": "https://www.googleapis.com/compute/v1/projects/lustrous-maxim-341315/regions/europe-west2/subnetworks/private-subnet",
                "secondary_ip_range_names": [],
                "source_ip_ranges_to_nat": [
                  "ALL_IP_RANGES"
                ]
              }
            ],
            "tcp_established_idle_timeout_sec": 1200,
            "tcp_transitory_idle_timeout_sec": 30,
            "timeouts": null,
            "udp_idle_timeout_sec": 30
          },
          "sensitive_attributes": [],
          "private": "eyJlMmJmYjczMC1lY2FhLTExZTYtOGY4OC0zNDM2M2JjN2M0YzAiOnsiY3JlYXRlIjoxMjAwMDAwMDAwMDAwLCJkZWxldGUiOjEyMDAwMDAwMDAwMDAsInVwZGF0ZSI6MTIwMDAwMDAwMDAwMH19",
          "dependencies": [
            "google_compute_network.vpc_network",
            "google_compute_router.router",
            "google_compute_subnetwork.private-subnet"
          ]
        }
      ]
    },
    {
      "mode": "managed",
      "type": "google_compute_router_nat",
      "name": "nat2",
      "provider": "provider[\"registry.terraform.io/hashicorp/google\"]",
      "instances": [
        {
          "schema_version": 0,
          "attributes": {
            "drain_nat_ips": null,
            "enable_endpoint_independent_mapping": true,
            "icmp_idle_timeout_sec": 30,
            "id": "lustrous-maxim-341315/europe-west2/my-router2/my-nat2",
            "log_config": [],
            "min_ports_per_vm": 0,
            "name": "my-nat2",
            "nat_ip_allocate_option": "AUTO_ONLY",
            "nat_ips": null,
            "project": "lustrous-maxim-341315",
            "region": "europe-west2",
            "router": "my-router2",
            "source_subnetwork_ip_ranges_to_nat": "LIST_OF_SUBNETWORKS",
            "subnetwork": [
              {
                "name": "projects/lustrous-maxim-341315/regions/europe-west2/subnetworks/restricted-subnet",
                "secondary_ip_range_names": [],
                "source_ip_ranges_to_nat": [
                  "ALL_IP_RANGES"
                ]
              }
            ],
            "tcp_established_idle_timeout_sec": 1200,
            "tcp_transitory_idle_timeout_sec": 30,
            "timeouts": null,
            "udp_idle_timeout_sec": 30
          },
          "sensitive_attributes": [],
          "private": "eyJlMmJmYjczMC1lY2FhLTExZTYtOGY4OC0zNDM2M2JjN2M0YzAiOnsiY3JlYXRlIjoxMjAwMDAwMDAwMDAwLCJkZWxldGUiOjEyMDAwMDAwMDAwMDAsInVwZGF0ZSI6MTIwMDAwMDAwMDAwMH19",
          "dependencies": [
            "google_compute_network.vpc_network",
            "google_compute_router.router2",
            "google_compute_subnetwork.Restricted"
          ]
        }
      ]
    },
    {
      "mode": "managed",
      "type": "google_compute_subnetwork",
      "name": "Restricted",
      "provider": "provider[\"registry.terraform.io/hashicorp/google\"]",
      "instances": [
        {
          "schema_version": 0,
          "attributes": {
            "creation_timestamp": "2022-02-15T05:21:14.503-08:00",
            "description": "",
            "external_ipv6_prefix": "",
            "fingerprint": null,
            "gateway_address": "10.0.2.1",
            "id": "projects/lustrous-maxim-341315/regions/europe-west2/subnetworks/restricted-subnet",
            "ip_cidr_range": "10.0.2.0/24",
            "ipv6_access_type": "",
            "ipv6_cidr_range": "",
            "log_config": [],
            "name": "restricted-subnet",
            "network": "https://www.googleapis.com/compute/v1/projects/lustrous-maxim-341315/global/networks/custom-vpc",
            "private_ip_google_access": false,
            "private_ipv6_google_access": "DISABLE_GOOGLE_ACCESS",
            "project": "lustrous-maxim-341315",
            "purpose": "PRIVATE",
            "region": "europe-west2",
            "role": "",
            "secondary_ip_range": [
              {
                "ip_cidr_range": "10.12.0.0/16",
                "range_name": "gke-my-gke-cluster-services-d055e4bc"
              },
              {
                "ip_cidr_range": "10.16.0.0/16",
                "range_name": "gke-my-gke-cluster-pods-d055e4bc"
              }
            ],
            "self_link": "https://www.googleapis.com/compute/v1/projects/lustrous-maxim-341315/regions/europe-west2/subnetworks/restricted-subnet",
            "stack_type": "IPV4_ONLY",
            "timeouts": null
          },
          "sensitive_attributes": [],
          "private": "eyJlMmJmYjczMC1lY2FhLTExZTYtOGY4OC0zNDM2M2JjN2M0YzAiOnsiY3JlYXRlIjoxMjAwMDAwMDAwMDAwLCJkZWxldGUiOjEyMDAwMDAwMDAwMDAsInVwZGF0ZSI6MTIwMDAwMDAwMDAwMH19",
          "dependencies": [
            "google_compute_network.vpc_network"
          ]
        }
      ]
    },
    {
      "mode": "managed",
      "type": "google_compute_subnetwork",
      "name": "private-subnet",
      "provider": "provider[\"registry.terraform.io/hashicorp/google\"]",
      "instances": [
        {
          "schema_version": 0,
          "attributes": {
            "creation_timestamp": "2022-02-15T05:21:13.617-08:00",
            "description": "",
            "external_ipv6_prefix": "",
            "fingerprint": null,
            "gateway_address": "10.0.1.1",
            "id": "projects/lustrous-maxim-341315/regions/europe-west2/subnetworks/private-subnet",
            "ip_cidr_range": "10.0.1.0/24",
            "ipv6_access_type": "",
            "ipv6_cidr_range": "",
            "log_config": [],
            "name": "private-subnet",
            "network": "https://www.googleapis.com/compute/v1/projects/lustrous-maxim-341315/global/networks/custom-vpc",
            "private_ip_google_access": false,
            "private_ipv6_google_access": "DISABLE_GOOGLE_ACCESS",
            "project": "lustrous-maxim-341315",
            "purpose": "PRIVATE",
            "region": "europe-west2",
            "role": "",
            "secondary_ip_range": [],
            "self_link": "https://www.googleapis.com/compute/v1/projects/lustrous-maxim-341315/regions/europe-west2/subnetworks/private-subnet",
            "stack_type": "IPV4_ONLY",
            "timeouts": null
          },
          "sensitive_attributes": [],
          "private": "eyJlMmJmYjczMC1lY2FhLTExZTYtOGY4OC0zNDM2M2JjN2M0YzAiOnsiY3JlYXRlIjoxMjAwMDAwMDAwMDAwLCJkZWxldGUiOjEyMDAwMDAwMDAwMDAsInVwZGF0ZSI6MTIwMDAwMDAwMDAwMH19",
          "dependencies": [
            "google_compute_network.vpc_network"
          ]
        }
      ]
    },
    {
      "mode": "managed",
      "type": "google_container_cluster",
      "name": "primary",
      "provider": "provider[\"registry.terraform.io/hashicorp/google\"]",
      "instances": [
        {
          "schema_version": 1,
          "attributes": {
            "addons_config": [
              {
                "cloudrun_config": [],
                "gcp_filestore_csi_driver_config": [],
                "horizontal_pod_autoscaling": [],
                "http_load_balancing": [],
                "network_policy_config": [
                  {
                    "disabled": true
                  }
                ]
              }
            ],
            "authenticator_groups_config": [],
            "cluster_autoscaling": [
              {
                "auto_provisioning_defaults": [],
                "enabled": false,
                "resource_limits": []
              }
            ],
            "cluster_ipv4_cidr": "10.16.0.0/16",
            "confidential_nodes": [],
            "database_encryption": [
              {
                "key_name": "",
                "state": "DECRYPTED"
              }
            ],
            "datapath_provider": "",
            "default_max_pods_per_node": 110,
            "default_snat_status": [
              {
                "disabled": false
              }
            ],
            "description": "",
            "dns_config": [],
            "enable_autopilot": false,
            "enable_binary_authorization": false,
            "enable_intranode_visibility": false,
            "enable_kubernetes_alpha": false,
            "enable_legacy_abac": false,
            "enable_shielded_nodes": true,
            "enable_tpu": false,
            "endpoint": "172.16.0.2",
            "id": "projects/lustrous-maxim-341315/locations/europe-west2/clusters/my-gke-cluster",
            "initial_node_count": 1,
            "ip_allocation_policy": [
              {
                "cluster_ipv4_cidr_block": "10.16.0.0/16",
                "cluster_secondary_range_name": "gke-my-gke-cluster-pods-d055e4bc",
                "services_ipv4_cidr_block": "10.12.0.0/16",
                "services_secondary_range_name": "gke-my-gke-cluster-services-d055e4bc"
              }
            ],
            "label_fingerprint": "a9dc16a7",
            "location": "europe-west2",
            "logging_config": [
              {
                "enable_components": [
                  "SYSTEM_COMPONENTS",
                  "WORKLOADS"
                ]
              }
            ],
            "logging_service": "logging.googleapis.com/kubernetes",
            "maintenance_policy": [],
            "master_auth": [
              {
                "client_certificate": "",
                "client_certificate_config": [
                  {
                    "issue_client_certificate": false
                  }
                ],
                "client_key": "",
                "cluster_ca_certificate": "LS0tLS1CRUdJTiBDRVJUSUZJQ0FURS0tLS0tCk1JSUVMVENDQXBXZ0F3SUJBZ0lSQU9RaW1FWTFVejZQUjNUczJGaUd1eWt3RFFZSktvWklodmNOQVFFTEJRQXcKTHpFdE1Dc0dBMVVFQXhNa05USTVaVGs1WWpndE0yVTFZUzAwT1RNMkxXRTBOemd0WW1ZME9EY3hOemhpTWpFeApNQ0FYRFRJeU1ESXhOVEV5TWpFek4xb1lEekl3TlRJd01qQTRNVE15TVRNM1dqQXZNUzB3S3dZRFZRUURFeVExCk1qbGxPVGxpT0MwelpUVmhMVFE1TXpZdFlUUTNPQzFpWmpRNE56RTNPR0l5TVRFd2dnR2lNQTBHQ1NxR1NJYjMKRFFFQkFRVUFBNElCandBd2dnR0tBb0lCZ1FDL1MyZ2QzZmYvTk9uRy9QUUkwTzR0Qi9nWHhXMmpJMk8xYmhiagpLVTBJRDV3K0p1eG1QT1FsOVdtK1FFQnlBTTM0SVhqc2tUNWJHb3RSRDJZeGQ4VGsrVVp2OFVFQUZKRXJDZGRzCkdZMHdqbDhVb0tweFUycjl3SGtBNVVOeDBjdHhuV2MvQnlVenJCTytZMmxOcFdXME1JUERaWjVvMUtmVTM5b08KcDd5YW0wTzY2V3A3bU9ONFhYbEpLb1ZYZVJPK1R2bjlSL1RjVjBKcDVkY0ppQU5yUHJTdm1jTERjaGdHNXBlNAp6MEdRS001Q0NjMVVTdEZ0Sk43ajREa2hEQWVuOHpwU3pDcEQ1Q2F2YzFsRTdHVS9jbnRmSjMrUThqcnVzK3VhCmVlTkF2NmZKRkhYR1lzOGFEVjRwVjJKVTVuRFRHTDdYbW5UOVpjYmd2YjRTbWxlU1Z2RnNkQnR6QVNUc0dXdmIKdWYwSGpoZDZvcjZ6cGt3Z0VJUW5Vc1hUQW5Naml4RkxIUThNTFlDTkVxdWl4TCtQZWJxcVd3b2xtcXUydEwvdgpCaGNKVkIrZHFFYVc1b2pMcHdxa2h5Szl0VmZOWDdLVHZhNmhadDR6UzF4cTJMQmx1OGc2NDhwYzFzUUVzL3B2Ck5BSkZjSThkVUZrS29kekRxNlNCUkd0MXYwMENBd0VBQWFOQ01FQXdEZ1lEVlIwUEFRSC9CQVFEQWdJRU1BOEcKQTFVZEV3RUIvd1FGTUFNQkFmOHdIUVlEVlIwT0JCWUVGUDRaWDdOUDhzVmtkdDlJL0p4Zzh1M0xUNDhTTUEwRwpDU3FHU0liM0RRRUJDd1VBQTRJQmdRQk1ZUUt1MC9rdjg3NzVQOEpuVlU4cWVodzU0ejNIVzNxV1VWN3Z1bkFMCmtNM2RiMGc1cE00Y1F5RjRkZjBQQmxObUpiSWpmanBPUWVrRU9yVjRzSDh3Y2VnNG5nUWpXTUkxUCtsd0NGaE4KWncvcmUxWEpkaFV5RVFzS2xpVldoa2hGYjRRRldEdTRHT01iUDhJbWpmR0dLc3poSFoyUkdPWER3ZDZHbndCZwpmbGVGem8xSGc0Ry91cDFyY1kxdXVKa2NxM1ZxVytNdHVOUVFLZmp0cm9MNThZaCtPVER6RW9vODdmVmxkTCt3Ck9DYk9oWlAvRTRRbFl5THVJalo4OE5TM2FPTDYwUGdPaktsbGg4S09yaG5rc1NnVWdOUy9kaW9haW1uQ2RYYkEKb2NvM0dENldEdXdWODh3NnhTQTRQdm0yOVR5cFB0ODFnUy9RYzFRdHFkVFBEWUVncjk2aDRobzdvZ1F1QnI0YQpCQUlNc2dnZ3RaeGhWSU1zWlhCd1JhOVh5U1dBWFdHME1zemRHU0ZMbDBBZi9RUUdMS0dtYUtOY3gvcDJvQUkyCmFOZWRqWUFtR1ZxT09UbUM5T2wvZzFtZUtXQmsrQXpKdFYvV0hKRmRIZkVSV3F6RHgvaG9ldGFBR2szenVtNWsKWVlURUYvYzliakxhRGQxTUt3UlZGV3M9Ci0tLS0tRU5EIENFUlRJRklDQVRFLS0tLS0K"
              }
            ],
            "master_authorized_networks_config": [
              {
                "cidr_blocks": [
                  {
                    "cidr_block": "10.0.1.0/24",
                    "display_name": ""
                  }
                ]
              }
            ],
            "master_version": "1.21.6-gke.1500",
            "min_master_version": null,
            "monitoring_config": [
              {
                "enable_components": [
                  "SYSTEM_COMPONENTS"
                ]
              }
            ],
            "monitoring_service": "monitoring.googleapis.com/kubernetes",
            "name": "my-gke-cluster",
            "network": "projects/lustrous-maxim-341315/global/networks/custom-vpc",
            "network_policy": [
              {
                "enabled": false,
                "provider": "PROVIDER_UNSPECIFIED"
              }
            ],
            "networking_mode": "VPC_NATIVE",
            "node_config": [
              {
                "boot_disk_kms_key": "",
                "disk_size_gb": 100,
                "disk_type": "pd-standard",
                "gcfs_config": [],
                "guest_accelerator": [],
                "image_type": "COS_CONTAINERD",
                "labels": {},
                "local_ssd_count": 0,
                "machine_type": "e2-medium",
                "metadata": {
                  "disable-legacy-endpoints": "true"
                },
                "min_cpu_platform": "",
                "node_group": "",
                "oauth_scopes": [
                  "https://www.googleapis.com/auth/cloud-platform"
                ],
                "preemptible": false,
                "service_account": "gke-service-acount@lustrous-maxim-341315.iam.gserviceaccount.com",
                "shielded_instance_config": [
                  {
                    "enable_integrity_monitoring": true,
                    "enable_secure_boot": false
                  }
                ],
                "tags": [],
                "taint": [],
                "workload_metadata_config": []
              }
            ],
            "node_locations": [
              "europe-west2-a",
              "europe-west2-b",
              "europe-west2-c"
            ],
            "node_pool": [
              {
                "autoscaling": [],
                "initial_node_count": 1,
                "instance_group_urls": [
                  "https://www.googleapis.com/compute/v1/projects/lustrous-maxim-341315/zones/europe-west2-a/instanceGroupManagers/gke-my-gke-cluster-my-node-pool-9c43e1e4-grp",
                  "https://www.googleapis.com/compute/v1/projects/lustrous-maxim-341315/zones/europe-west2-b/instanceGroupManagers/gke-my-gke-cluster-my-node-pool-9be85c0e-grp",
                  "https://www.googleapis.com/compute/v1/projects/lustrous-maxim-341315/zones/europe-west2-c/instanceGroupManagers/gke-my-gke-cluster-my-node-pool-ed483c34-grp"
                ],
                "managed_instance_group_urls": [
                  "https://www.googleapis.com/compute/v1/projects/lustrous-maxim-341315/zones/europe-west2-a/instanceGroups/gke-my-gke-cluster-my-node-pool-9c43e1e4-grp",
                  "https://www.googleapis.com/compute/v1/projects/lustrous-maxim-341315/zones/europe-west2-b/instanceGroups/gke-my-gke-cluster-my-node-pool-9be85c0e-grp",
                  "https://www.googleapis.com/compute/v1/projects/lustrous-maxim-341315/zones/europe-west2-c/instanceGroups/gke-my-gke-cluster-my-node-pool-ed483c34-grp"
                ],
                "management": [
                  {
                    "auto_repair": true,
                    "auto_upgrade": true
                  }
                ],
                "max_pods_per_node": 110,
                "name": "my-node-pool",
                "name_prefix": "",
                "node_config": [
                  {
                    "boot_disk_kms_key": "",
                    "disk_size_gb": 100,
                    "disk_type": "pd-standard",
                    "gcfs_config": [],
                    "guest_accelerator": [],
                    "image_type": "COS_CONTAINERD",
                    "labels": {},
                    "local_ssd_count": 0,
                    "machine_type": "e2-medium",
                    "metadata": {
                      "disable-legacy-endpoints": "true"
                    },
                    "min_cpu_platform": "",
                    "node_group": "",
                    "oauth_scopes": [
                      "https://www.googleapis.com/auth/cloud-platform"
                    ],
                    "preemptible": false,
                    "service_account": "gke-service-acount@lustrous-maxim-341315.iam.gserviceaccount.com",
                    "shielded_instance_config": [
                      {
                        "enable_integrity_monitoring": true,
                        "enable_secure_boot": false
                      }
                    ],
                    "tags": [],
                    "taint": [],
                    "workload_metadata_config": []
                  }
                ],
                "node_count": 1,
                "node_locations": [
                  "europe-west2-a",
                  "europe-west2-b",
                  "europe-west2-c"
                ],
                "upgrade_settings": [
                  {
                    "max_surge": 1,
                    "max_unavailable": 0
                  }
                ],
                "version": "1.21.6-gke.1500"
              }
            ],
            "node_version": "1.21.6-gke.1500",
            "operation": null,
            "private_cluster_config": [
              {
                "enable_private_endpoint": true,
                "enable_private_nodes": true,
                "master_global_access_config": [
                  {
                    "enabled": false
                  }
                ],
                "master_ipv4_cidr_block": "172.16.0.0/28",
                "peering_name": "gke-nec6b18e546de1353e40-872b-9cda-peer",
                "private_endpoint": "172.16.0.2",
                "public_endpoint": "35.242.191.21"
              }
            ],
            "private_ipv6_google_access": "",
            "project": "lustrous-maxim-341315",
            "release_channel": [
              {
                "channel": "REGULAR"
              }
            ],
            "remove_default_node_pool": true,
            "resource_labels": {},
            "resource_usage_export_config": [],
            "self_link": "https://container.googleapis.com/v1/projects/lustrous-maxim-341315/locations/europe-west2/clusters/my-gke-cluster",
            "services_ipv4_cidr": "10.12.0.0/16",
            "subnetwork": "projects/lustrous-maxim-341315/regions/europe-west2/subnetworks/restricted-subnet",
            "timeouts": null,
            "tpu_ipv4_cidr_block": "",
            "vertical_pod_autoscaling": [],
            "workload_identity_config": []
          },
          "sensitive_attributes": [],
          "private": "eyJlMmJmYjczMC1lY2FhLTExZTYtOGY4OC0zNDM2M2JjN2M0YzAiOnsiY3JlYXRlIjoyNDAwMDAwMDAwMDAwLCJkZWxldGUiOjI0MDAwMDAwMDAwMDAsInJlYWQiOjI0MDAwMDAwMDAwMDAsInVwZGF0ZSI6MzYwMDAwMDAwMDAwMH0sInNjaGVtYV92ZXJzaW9uIjoiMSJ9",
          "dependencies": [
            "google_compute_network.vpc_network",
            "google_compute_subnetwork.Restricted"
          ]
        }
      ]
    },
    {
      "mode": "managed",
      "type": "google_container_node_pool",
      "name": "primary_preemptible_nodes",
      "provider": "provider[\"registry.terraform.io/hashicorp/google\"]",
      "instances": [
        {
          "schema_version": 1,
          "attributes": {
            "autoscaling": [],
            "cluster": "my-gke-cluster",
            "id": "projects/lustrous-maxim-341315/locations/europe-west2/clusters/my-gke-cluster/nodePools/my-node-pool",
            "initial_node_count": 1,
            "instance_group_urls": [
              "https://www.googleapis.com/compute/v1/projects/lustrous-maxim-341315/zones/europe-west2-a/instanceGroupManagers/gke-my-gke-cluster-my-node-pool-9c43e1e4-grp",
              "https://www.googleapis.com/compute/v1/projects/lustrous-maxim-341315/zones/europe-west2-b/instanceGroupManagers/gke-my-gke-cluster-my-node-pool-9be85c0e-grp",
              "https://www.googleapis.com/compute/v1/projects/lustrous-maxim-341315/zones/europe-west2-c/instanceGroupManagers/gke-my-gke-cluster-my-node-pool-ed483c34-grp"
            ],
            "location": "europe-west2",
            "managed_instance_group_urls": [
              "https://www.googleapis.com/compute/v1/projects/lustrous-maxim-341315/zones/europe-west2-a/instanceGroups/gke-my-gke-cluster-my-node-pool-9c43e1e4-grp",
              "https://www.googleapis.com/compute/v1/projects/lustrous-maxim-341315/zones/europe-west2-b/instanceGroups/gke-my-gke-cluster-my-node-pool-9be85c0e-grp",
              "https://www.googleapis.com/compute/v1/projects/lustrous-maxim-341315/zones/europe-west2-c/instanceGroups/gke-my-gke-cluster-my-node-pool-ed483c34-grp"
            ],
            "management": [
              {
                "auto_repair": true,
                "auto_upgrade": true
              }
            ],
            "max_pods_per_node": 110,
            "name": "my-node-pool",
            "name_prefix": "",
            "node_config": [
              {
                "boot_disk_kms_key": "",
                "disk_size_gb": 100,
                "disk_type": "pd-standard",
                "gcfs_config": [],
                "guest_accelerator": [],
                "image_type": "COS_CONTAINERD",
                "labels": {},
                "local_ssd_count": 0,
                "machine_type": "e2-medium",
                "metadata": {
                  "disable-legacy-endpoints": "true"
                },
                "min_cpu_platform": "",
                "node_group": "",
                "oauth_scopes": [
                  "https://www.googleapis.com/auth/cloud-platform"
                ],
                "preemptible": false,
                "service_account": "gke-service-acount@lustrous-maxim-341315.iam.gserviceaccount.com",
                "shielded_instance_config": [
                  {
                    "enable_integrity_monitoring": true,
                    "enable_secure_boot": false
                  }
                ],
                "tags": [],
                "taint": [],
                "workload_metadata_config": []
              }
            ],
            "node_count": 1,
            "node_locations": [
              "europe-west2-a",
              "europe-west2-b",
              "europe-west2-c"
            ],
            "operation": null,
            "project": "lustrous-maxim-341315",
            "timeouts": null,
            "upgrade_settings": [
              {
                "max_surge": 1,
                "max_unavailable": 0
              }
            ],
            "version": "1.21.6-gke.1500"
          },
          "sensitive_attributes": [],
          "private": "eyJlMmJmYjczMC1lY2FhLTExZTYtOGY4OC0zNDM2M2JjN2M0YzAiOnsiY3JlYXRlIjoxODAwMDAwMDAwMDAwLCJkZWxldGUiOjE4MDAwMDAwMDAwMDAsInVwZGF0ZSI6MTgwMDAwMDAwMDAwMH0sInNjaGVtYV92ZXJzaW9uIjoiMSJ9",
          "dependencies": [
            "google_compute_network.vpc_network",
            "google_compute_subnetwork.Restricted",
            "google_container_cluster.primary",
            "google_service_account.custom"
          ]
        }
      ]
    },
    {
      "mode": "managed",
      "type": "google_project_iam_binding",
      "name": "role1",
      "provider": "provider[\"registry.terraform.io/hashicorp/google\"]",
      "instances": [
        {
          "schema_version": 0,
          "attributes": {
            "condition": [],
            "etag": "BwXYEBZhfnE=",
            "id": "lustrous-maxim-341315/roles/container.admin",
            "members": [
              "serviceAccount:gke-service-acount@lustrous-maxim-341315.iam.gserviceaccount.com"
            ],
            "project": "lustrous-maxim-341315",
            "role": "roles/container.admin"
          },
          "sensitive_attributes": [],
          "private": "bnVsbA==",
          "dependencies": [
            "google_service_account.custom"
          ]
        }
      ]
    },
    {
      "mode": "managed",
      "type": "google_project_iam_binding",
      "name": "role2",
      "provider": "provider[\"registry.terraform.io/hashicorp/google\"]",
      "instances": [
        {
          "schema_version": 0,
          "attributes": {
            "condition": [],
            "etag": "BwXYD+wVzWA=",
            "id": "lustrous-maxim-341315/roles/visualinspection.serviceAgent",
            "members": [
              "serviceAccount:gke-service-acount@lustrous-maxim-341315.iam.gserviceaccount.com"
            ],
            "project": "lustrous-maxim-341315",
            "role": "roles/visualinspection.serviceAgent"
          },
          "sensitive_attributes": [],
          "private": "bnVsbA==",
          "dependencies": [
            "google_service_account.custom"
          ]
        }
      ]
    },
    {
      "mode": "managed",
      "type": "google_project_iam_binding",
      "name": "vm_service_account_role",
      "provider": "provider[\"registry.terraform.io/hashicorp/google\"]",
      "instances": [
        {
          "schema_version": 0,
          "attributes": {
            "condition": [],
            "etag": "BwXYD+wVzWA=",
            "id": "lustrous-maxim-341315/roles/container.admin",
            "members": [
              "serviceAccount:vm-service-acount@lustrous-maxim-341315.iam.gserviceaccount.com"
            ],
            "project": "lustrous-maxim-341315",
            "role": "roles/container.admin"
          },
          "sensitive_attributes": [],
          "private": "bnVsbA==",
          "dependencies": [
            "google_service_account.vm_service_account"
          ]
        }
      ]
    },
    {
      "mode": "managed",
      "type": "google_project_iam_binding",
      "name": "vm_service_account_role2",
      "provider": "provider[\"registry.terraform.io/hashicorp/google\"]",
      "instances": [
        {
          "schema_version": 0,
          "attributes": {
            "condition": [],
            "etag": "BwXYD+wVzWA=",
            "id": "lustrous-maxim-341315/roles/container.developer",
            "members": [
              "serviceAccount:vm-service-acount@lustrous-maxim-341315.iam.gserviceaccount.com"
            ],
            "project": "lustrous-maxim-341315",
            "role": "roles/container.developer"
          },
          "sensitive_attributes": [],
          "private": "bnVsbA==",
          "dependencies": [
            "google_service_account.vm_service_account"
          ]
        }
      ]
    },
    {
      "mode": "managed",
      "type": "google_service_account",
      "name": "custom",
      "provider": "provider[\"registry.terraform.io/hashicorp/google\"]",
      "instances": [
        {
          "schema_version": 0,
          "attributes": {
            "account_id": "gke-service-acount",
            "description": "",
            "disabled": false,
            "display_name": "gke-service-acount",
            "email": "gke-service-acount@lustrous-maxim-341315.iam.gserviceaccount.com",
            "id": "projects/lustrous-maxim-341315/serviceAccounts/gke-service-acount@lustrous-maxim-341315.iam.gserviceaccount.com",
            "name": "projects/lustrous-maxim-341315/serviceAccounts/gke-service-acount@lustrous-maxim-341315.iam.gserviceaccount.com",
            "project": "lustrous-maxim-341315",
            "timeouts": null,
            "unique_id": "108202518778205697791"
          },
          "sensitive_attributes": [],
          "private": "eyJlMmJmYjczMC1lY2FhLTExZTYtOGY4OC0zNDM2M2JjN2M0YzAiOnsiY3JlYXRlIjozMDAwMDAwMDAwMDB9fQ=="
        }
      ]
    },
    {
      "mode": "managed",
      "type": "google_service_account",
      "name": "vm_service_account",
      "provider": "provider[\"registry.terraform.io/hashicorp/google\"]",
      "instances": [
        {
          "schema_version": 0,
          "attributes": {
            "account_id": "vm-service-acount",
            "description": "",
            "disabled": false,
            "display_name": "vm-service-acount",
            "email": "vm-service-acount@lustrous-maxim-341315.iam.gserviceaccount.com",
            "id": "projects/lustrous-maxim-341315/serviceAccounts/vm-service-acount@lustrous-maxim-341315.iam.gserviceaccount.com",
            "name": "projects/lustrous-maxim-341315/serviceAccounts/vm-service-acount@lustrous-maxim-341315.iam.gserviceaccount.com",
            "project": "lustrous-maxim-341315",
            "timeouts": null,
            "unique_id": "112722993351712348899"
          },
          "sensitive_attributes": [],
          "private": "eyJlMmJmYjczMC1lY2FhLTExZTYtOGY4OC0zNDM2M2JjN2M0YzAiOnsiY3JlYXRlIjozMDAwMDAwMDAwMDB9fQ=="
        }
      ]
    }
  ]
}
