{
  "version": 4,
  "terraform_version": "1.1.2",
  "serial": 18,
  "lineage": "ee6f6e04-1516-8a65-59f5-dae22bd734b7",
  "outputs": {},
  "resources": [
    {
      "mode": "managed",
      "type": "google_compute_firewall",
      "name": "iap",
      "provider": "provider[\"registry.terraform.io/hashicorp/google\"]",
      "instances": [
        {
          "schema_version": 1,
          "attributes": {
            "allow": [
              {
                "ports": [
                  "22"
                ],
                "protocol": "tcp"
              }
            ],
            "creation_timestamp": "2022-02-14T10:54:43.161-08:00",
            "deny": [],
            "description": "",
            "destination_ranges": [],
            "direction": "INGRESS",
            "disabled": false,
            "enable_logging": null,
            "id": "projects/lustrous-maxim-341315/global/firewalls/iap-firewall-rule",
            "log_config": [],
            "name": "iap-firewall-rule",
            "network": "https://www.googleapis.com/compute/v1/projects/lustrous-maxim-341315/global/networks/custom-vpc",
            "priority": 1000,
            "project": "lustrous-maxim-341315",
            "self_link": "https://www.googleapis.com/compute/v1/projects/lustrous-maxim-341315/global/firewalls/iap-firewall-rule",
            "source_ranges": [
              "35.235.240.0/20"
            ],
            "source_service_accounts": [],
            "source_tags": [],
            "target_service_accounts": [],
            "target_tags": [],
            "timeouts": null
          },
          "sensitive_attributes": [],
          "private": "eyJlMmJmYjczMC1lY2FhLTExZTYtOGY4OC0zNDM2M2JjN2M0YzAiOnsiY3JlYXRlIjoxMjAwMDAwMDAwMDAwLCJkZWxldGUiOjEyMDAwMDAwMDAwMDAsInVwZGF0ZSI6MTIwMDAwMDAwMDAwMH0sInNjaGVtYV92ZXJzaW9uIjoiMSJ9",
          "dependencies": [
            "google_compute_network.vpc_network"
          ]
        }
      ]
    },
    {
      "mode": "managed",
      "type": "google_compute_instance",
      "name": "private_vm",
      "provider": "provider[\"registry.terraform.io/hashicorp/google\"]",
      "instances": [
        {
          "schema_version": 6,
          "attributes": {
            "advanced_machine_features": [],
            "allow_stopping_for_update": null,
            "attached_disk": [],
            "boot_disk": [
              {
                "auto_delete": true,
                "device_name": "persistent-disk-0",
                "disk_encryption_key_raw": "",
                "disk_encryption_key_sha256": "",
                "initialize_params": [
                  {
                    "image": "https://www.googleapis.com/compute/v1/projects/ubuntu-os-cloud/global/images/ubuntu-2004-focal-v20220204",
                    "labels": {},
                    "size": 10,
                    "type": "pd-standard"
                  }
                ],
                "kms_key_self_link": "",
                "mode": "READ_WRITE",
                "source": "https://www.googleapis.com/compute/v1/projects/lustrous-maxim-341315/zones/europe-west2-b/disks/private"
              }
            ],
            "can_ip_forward": false,
            "confidential_instance_config": [],
            "cpu_platform": "Intel Broadwell",
            "current_status": "RUNNING",
            "deletion_protection": false,
            "description": "",
            "desired_status": null,
            "enable_display": false,
            "guest_accelerator": [],
            "hostname": "",
            "id": "projects/lustrous-maxim-341315/zones/europe-west2-b/instances/private",
            "instance_id": "2024737166632360802",
            "label_fingerprint": "42WmSpB8rSM=",
            "labels": {},
            "machine_type": "e2-micro",
            "metadata": {},
            "metadata_fingerprint": "Hb8aTy-eiTI=",
            "metadata_startup_script": "  sudo adduser --disabled-password --gecos \"\" ansible;\n  usermod -aG sudo ansible;\n  sudo chown -R ansible:ansible /home/ansible/;\n  curl -LO https://storage.googleapis.com/kubernetes-release/release/v1.18.0/bin/linux/amd64/kubectl;\n  chmod +x ./kubectl;\n  sudo mv ./kubectl /usr/local/bin/kubectl;\n  sudo apt-get update;\n  sudo apt-get install -y ansible;\n  runuser -l ansible -c 'ansible-galaxy collection install kubernetes.core' ;\n  runuser -l ansible -c 'ansible-galaxy collection install cloud.common' ;\n  sudo apt update ;\n  sudo apt -y install python3-pip ;\n  sudo pip install kubernetes ;\n",
            "min_cpu_platform": "",
            "name": "private",
            "network_interface": [
              {
                "access_config": [],
                "alias_ip_range": [],
                "ipv6_access_config": [],
                "ipv6_access_type": "",
                "name": "nic0",
                "network": "https://www.googleapis.com/compute/v1/projects/lustrous-maxim-341315/global/networks/custom-vpc",
                "network_ip": "10.0.1.2",
                "nic_type": "",
                "queue_count": 0,
                "stack_type": "IPV4_ONLY",
                "subnetwork": "https://www.googleapis.com/compute/v1/projects/lustrous-maxim-341315/regions/europe-west2/subnetworks/private-subnet",
                "subnetwork_project": "lustrous-maxim-341315"
              }
            ],
            "project": "lustrous-maxim-341315",
            "reservation_affinity": [],
            "resource_policies": [],
            "scheduling": [
              {
                "automatic_restart": true,
                "min_node_cpus": 0,
                "node_affinities": [],
                "on_host_maintenance": "MIGRATE",
                "preemptible": false
              }
            ],
            "scratch_disk": [],
            "self_link": "https://www.googleapis.com/compute/v1/projects/lustrous-maxim-341315/zones/europe-west2-b/instances/private",
            "service_account": [
              {
                "email": "vm-service-acount@lustrous-maxim-341315.iam.gserviceaccount.com",
                "scopes": [
                  "https://www.googleapis.com/auth/cloud-platform"
                ]
              }
            ],
            "shielded_instance_config": [
              {
                "enable_integrity_monitoring": true,
                "enable_secure_boot": false,
                "enable_vtpm": true
              }
            ],
            "tags": [],
            "tags_fingerprint": "42WmSpB8rSM=",
            "timeouts": null,
            "zone": "europe-west2-b"
          },
          "sensitive_attributes": [],
          "private": "eyJlMmJmYjczMC1lY2FhLTExZTYtOGY4OC0zNDM2M2JjN2M0YzAiOnsiY3JlYXRlIjoxMjAwMDAwMDAwMDAwLCJkZWxldGUiOjEyMDAwMDAwMDAwMDAsInVwZGF0ZSI6MTIwMDAwMDAwMDAwMH0sInNjaGVtYV92ZXJzaW9uIjoiNiJ9",
          "dependencies": [
            "google_compute_subnetwork.private-subnet",
            "google_service_account.vm_service_account",
            "google_compute_network.vpc_network"
          ]
        }
      ]
    },
    {
      "mode": "managed",
      "type": "google_compute_network",
      "name": "vpc_network",
      "provider": "provider[\"registry.terraform.io/hashicorp/google\"]",
      "instances": [
        {
          "schema_version": 0,
          "attributes": {
            "auto_create_subnetworks": false,
            "delete_default_routes_on_create": false,
            "description": "",
            "gateway_ipv4": "",
            "id": "projects/lustrous-maxim-341315/global/networks/custom-vpc",
            "mtu": 1460,
            "name": "custom-vpc",
            "project": "lustrous-maxim-341315",
            "routing_mode": "REGIONAL",
            "self_link": "https://www.googleapis.com/compute/v1/projects/lustrous-maxim-341315/global/networks/custom-vpc",
            "timeouts": null
          },
          "sensitive_attributes": [],
          "private": "eyJlMmJmYjczMC1lY2FhLTExZTYtOGY4OC0zNDM2M2JjN2M0YzAiOnsiY3JlYXRlIjoxMjAwMDAwMDAwMDAwLCJkZWxldGUiOjEyMDAwMDAwMDAwMDAsInVwZGF0ZSI6MTIwMDAwMDAwMDAwMH19"
        }
      ]
    },
    {
      "mode": "managed",
      "type": "google_compute_router",
      "name": "router",
      "provider": "provider[\"registry.terraform.io/hashicorp/google\"]",
      "instances": [
        {
          "schema_version": 0,
          "attributes": {
            "bgp": [
              {
                "advertise_mode": "DEFAULT",
                "advertised_groups": [],
                "advertised_ip_ranges": [],
                "asn": 64514
              }
            ],
            "creation_timestamp": "2022-02-14T10:55:09.238-08:00",
            "description": "",
            "encrypted_interconnect_router": false,
            "id": "projects/lustrous-maxim-341315/regions/europe-west2/routers/my-router",
            "name": "my-router",
            "network": "https://www.googleapis.com/compute/v1/projects/lustrous-maxim-341315/global/networks/custom-vpc",
            "project": "lustrous-maxim-341315",
            "region": "europe-west2",
            "self_link": "https://www.googleapis.com/compute/v1/projects/lustrous-maxim-341315/regions/europe-west2/routers/my-router",
            "timeouts": null
          },
          "sensitive_attributes": [],
          "private": "eyJlMmJmYjczMC1lY2FhLTExZTYtOGY4OC0zNDM2M2JjN2M0YzAiOnsiY3JlYXRlIjoxMjAwMDAwMDAwMDAwLCJkZWxldGUiOjEyMDAwMDAwMDAwMDAsInVwZGF0ZSI6MTIwMDAwMDAwMDAwMH19",
          "dependencies": [
            "google_compute_network.vpc_network",
            "google_compute_subnetwork.private-subnet"
          ]
        }
      ]
    },
    {
      "mode": "managed",
      "type": "google_compute_router_nat",
      "name": "nat",
      "provider": "provider[\"registry.terraform.io/hashicorp/google\"]",
      "instances": [
        {
          "schema_version": 0,
          "attributes": {
            "drain_nat_ips": [],
            "enable_endpoint_independent_mapping": true,
            "icmp_idle_timeout_sec": 30,
            "id": "lustrous-maxim-341315/europe-west2/my-router/my-nat",
            "log_config": [],
            "min_ports_per_vm": 0,
            "name": "my-nat",
            "nat_ip_allocate_option": "AUTO_ONLY",
            "nat_ips": [],
            "project": "lustrous-maxim-341315",
            "region": "europe-west2",
            "router": "my-router",
            "source_subnetwork_ip_ranges_to_nat": "LIST_OF_SUBNETWORKS",
            "subnetwork": [
              {
                "name": "https://www.googleapis.com/compute/v1/projects/lustrous-maxim-341315/regions/europe-west2/subnetworks/private-subnet",
                "secondary_ip_range_names": [],
                "source_ip_ranges_to_nat": [
                  "ALL_IP_RANGES"
                ]
              }
            ],
            "tcp_established_idle_timeout_sec": 1200,
            "tcp_transitory_idle_timeout_sec": 30,
            "timeouts": null,
            "udp_idle_timeout_sec": 30
          },
          "sensitive_attributes": [],
          "private": "eyJlMmJmYjczMC1lY2FhLTExZTYtOGY4OC0zNDM2M2JjN2M0YzAiOnsiY3JlYXRlIjoxMjAwMDAwMDAwMDAwLCJkZWxldGUiOjEyMDAwMDAwMDAwMDAsInVwZGF0ZSI6MTIwMDAwMDAwMDAwMH19",
          "dependencies": [
            "google_compute_network.vpc_network",
            "google_compute_router.router",
            "google_compute_subnetwork.private-subnet"
          ]
        }
      ]
    },
    {
      "mode": "managed",
      "type": "google_compute_subnetwork",
      "name": "Restricted",
      "provider": "provider[\"registry.terraform.io/hashicorp/google\"]",
      "instances": [
        {
          "schema_version": 0,
          "attributes": {
            "creation_timestamp": "2022-02-14T10:54:46.151-08:00",
            "description": "",
            "external_ipv6_prefix": "",
            "fingerprint": null,
            "gateway_address": "10.0.2.1",
            "id": "projects/lustrous-maxim-341315/regions/europe-west2/subnetworks/restricted-subnet",
            "ip_cidr_range": "10.0.2.0/24",
            "ipv6_access_type": "",
            "ipv6_cidr_range": "",
            "log_config": [],
            "name": "restricted-subnet",
            "network": "https://www.googleapis.com/compute/v1/projects/lustrous-maxim-341315/global/networks/custom-vpc",
            "private_ip_google_access": false,
            "private_ipv6_google_access": "DISABLE_GOOGLE_ACCESS",
            "project": "lustrous-maxim-341315",
            "purpose": "PRIVATE",
            "region": "europe-west2",
            "role": "",
            "secondary_ip_range": [
              {
                "ip_cidr_range": "10.16.0.0/16",
                "range_name": "gke-my-gke-cluster-pods-d66a0183"
              },
              {
                "ip_cidr_range": "10.12.0.0/16",
                "range_name": "gke-my-gke-cluster-services-d66a0183"
              }
            ],
            "self_link": "https://www.googleapis.com/compute/v1/projects/lustrous-maxim-341315/regions/europe-west2/subnetworks/restricted-subnet",
            "stack_type": "IPV4_ONLY",
            "timeouts": null
          },
          "sensitive_attributes": [],
          "private": "eyJlMmJmYjczMC1lY2FhLTExZTYtOGY4OC0zNDM2M2JjN2M0YzAiOnsiY3JlYXRlIjoxMjAwMDAwMDAwMDAwLCJkZWxldGUiOjEyMDAwMDAwMDAwMDAsInVwZGF0ZSI6MTIwMDAwMDAwMDAwMH19",
          "dependencies": [
            "google_compute_network.vpc_network"
          ]
        }
      ]
    },
    {
      "mode": "managed",
      "type": "google_compute_subnetwork",
      "name": "private-subnet",
      "provider": "provider[\"registry.terraform.io/hashicorp/google\"]",
      "instances": [
        {
          "schema_version": 0,
          "attributes": {
            "creation_timestamp": "2022-02-14T10:54:45.268-08:00",
            "description": "",
            "external_ipv6_prefix": "",
            "fingerprint": null,
            "gateway_address": "10.0.1.1",
            "id": "projects/lustrous-maxim-341315/regions/europe-west2/subnetworks/private-subnet",
            "ip_cidr_range": "10.0.1.0/24",
            "ipv6_access_type": "",
            "ipv6_cidr_range": "",
            "log_config": [],
            "name": "private-subnet",
            "network": "https://www.googleapis.com/compute/v1/projects/lustrous-maxim-341315/global/networks/custom-vpc",
            "private_ip_google_access": false,
            "private_ipv6_google_access": "DISABLE_GOOGLE_ACCESS",
            "project": "lustrous-maxim-341315",
            "purpose": "PRIVATE",
            "region": "europe-west2",
            "role": "",
            "secondary_ip_range": [],
            "self_link": "https://www.googleapis.com/compute/v1/projects/lustrous-maxim-341315/regions/europe-west2/subnetworks/private-subnet",
            "stack_type": "IPV4_ONLY",
            "timeouts": null
          },
          "sensitive_attributes": [],
          "private": "eyJlMmJmYjczMC1lY2FhLTExZTYtOGY4OC0zNDM2M2JjN2M0YzAiOnsiY3JlYXRlIjoxMjAwMDAwMDAwMDAwLCJkZWxldGUiOjEyMDAwMDAwMDAwMDAsInVwZGF0ZSI6MTIwMDAwMDAwMDAwMH19",
          "dependencies": [
            "google_compute_network.vpc_network"
          ]
        }
      ]
    },
    {
      "mode": "managed",
      "type": "google_container_cluster",
      "name": "primary",
      "provider": "provider[\"registry.terraform.io/hashicorp/google\"]",
      "instances": [
        {
          "schema_version": 1,
          "attributes": {
            "addons_config": [
              {
                "cloudrun_config": [],
                "gcp_filestore_csi_driver_config": [],
                "horizontal_pod_autoscaling": [],
                "http_load_balancing": [],
                "network_policy_config": [
                  {
                    "disabled": true
                  }
                ]
              }
            ],
            "authenticator_groups_config": [],
            "cluster_autoscaling": [
              {
                "auto_provisioning_defaults": [],
                "enabled": false,
                "resource_limits": []
              }
            ],
            "cluster_ipv4_cidr": "10.16.0.0/16",
            "confidential_nodes": [],
            "database_encryption": [
              {
                "key_name": "",
                "state": "DECRYPTED"
              }
            ],
            "datapath_provider": "",
            "default_max_pods_per_node": 110,
            "default_snat_status": [
              {
                "disabled": false
              }
            ],
            "description": "",
            "dns_config": [],
            "enable_autopilot": false,
            "enable_binary_authorization": false,
            "enable_intranode_visibility": false,
            "enable_kubernetes_alpha": false,
            "enable_legacy_abac": false,
            "enable_shielded_nodes": true,
            "enable_tpu": false,
            "endpoint": "172.16.0.2",
            "id": "projects/lustrous-maxim-341315/locations/europe-west2/clusters/my-gke-cluster",
            "initial_node_count": 1,
            "ip_allocation_policy": [
              {
                "cluster_ipv4_cidr_block": "10.16.0.0/16",
                "cluster_secondary_range_name": "gke-my-gke-cluster-pods-d66a0183",
                "services_ipv4_cidr_block": "10.12.0.0/16",
                "services_secondary_range_name": "gke-my-gke-cluster-services-d66a0183"
              }
            ],
            "label_fingerprint": "a9dc16a7",
            "location": "europe-west2",
            "logging_config": [
              {
                "enable_components": [
                  "SYSTEM_COMPONENTS",
                  "WORKLOADS"
                ]
              }
            ],
            "logging_service": "logging.googleapis.com/kubernetes",
            "maintenance_policy": [],
            "master_auth": [
              {
                "client_certificate": "",
                "client_certificate_config": [
                  {
                    "issue_client_certificate": false
                  }
                ],
                "client_key": "",
                "cluster_ca_certificate": "LS0tLS1CRUdJTiBDRVJUSUZJQ0FURS0tLS0tCk1JSUVMVENDQXBXZ0F3SUJBZ0lSQU1ZeTBFa3BjWVRrZjJCTDZidmV6cVV3RFFZSktvWklodmNOQVFFTEJRQXcKTHpFdE1Dc0dBMVVFQXhNa016azNOV001T0RrdFpXVmxZaTAwWWpFeExUaGpNVEF0TkRabU5qbGlaakZqTWpJMApNQ0FYRFRJeU1ESXhOREUzTlRVd09Wb1lEekl3TlRJd01qQTNNVGcxTlRBNVdqQXZNUzB3S3dZRFZRUURFeVF6Ck9UYzFZems0T1MxbFpXVmlMVFJpTVRFdE9HTXhNQzAwTm1ZMk9XSm1NV015TWpRd2dnR2lNQTBHQ1NxR1NJYjMKRFFFQkFRVUFBNElCandBd2dnR0tBb0lCZ1FDNE9KQ0RTMGxURXdUOXBJSGYxcTE4U2licUdQVjdsaFNCdXNWVApENGNFZ08wNnJnK2IxSVE4K1ZzOXBCbzBkUTc3eDdJeEJvb05RbHIzMWpqajFsU3JOUU5HYnpUMk1ad1g4OXYxCmIrQldBbnZwaWxlK1ppdllZckQ1TlllbGlnUGtiQ3YvSGluc1diNktaTER2Q3NYdXBaVmxEV0xFWnZZUDF1ZlUKR1VxdnFNRFVINzZNM1ZjOU9jSGRrQnJaRWQ2bUVaR0doQ0dVNGJQdGFSNkZUbnBVSS9Ec2tUZlA2K3FJOHBjaAo3OGc5UW90REEwcHlQbzFTNThueGJmOS9MN2E3UUZZYlI4RmJGSHl6ZTNzT3pXdnE4eDBOdmk1UTAxMnhCYS9jCll5VlhFRVFWQkppM3M4blV4ZkVvRnc5aEphYWJFTXZjNkRQZDdXRnEzN29KdTEzaUN0NnRlWlpZRHlOcEh5bDIKTzBuVTJmZUdpRHEvQlQyYXZRZWVIV0oxdy9pQXBPV3oycDgyVW1DbUhjWThNUTBSSTJjNjA0NDhUUE9mTWlvZAp1Nmx1UVF1K1dxTkZGT1lnaCtmdWtZKzN1SHZZQnBPZ0h4dy9ZeThhbUZ6U09iYXdyNzh2cnRqMGd3a3ltUmdxCnI1WUVONTNLNTNOeXRUSGMvOURpdkZTZmRjTUNBd0VBQWFOQ01FQXdEZ1lEVlIwUEFRSC9CQVFEQWdJRU1BOEcKQTFVZEV3RUIvd1FGTUFNQkFmOHdIUVlEVlIwT0JCWUVGQVp4TG5GdHFHRm5UQ2VkMG0vbDhBZXhkeER2TUEwRwpDU3FHU0liM0RRRUJDd1VBQTRJQmdRQTQzaldyL2VTSGlDZW5XdjkxOGhGWncxN1VXakVFRTc5SmtKejJyallGCkhrT2g1VzNVaDE4NzV3NTZBMmhxT2RwclprSUtnQ0tKM0pDYXN4ZHRlWThTYUY5K3l0U1Jsd1lFblltamhFdU4KcHQrZWpJSHM1ZWd5ejRkMG9sTmxIZXV0SDVzQThlL0RFUld5enVrSzJodWswMDFHWkl5MnNxUUgxb1V1QXF3cwpNTkRrT0UwYis5bjdzaXM4dnNwaC9XZXFuWDFVWmxRaDQ4S2RtTUxhNFRjSHJGaXpDaFNsRk15QkFYU25OSkl0Cnd2TFJoRVczRk5IMGI0bmY1Y0hWY2FLeHBvbVNUdTV6M3FNNWgySUpLbldUYmNjQTRJUmJSUUxjREI0bjlhOFcKbmxBM09PV0NvTyt5ZnB0cmhQQVYrd2pFNzJwVCtyaWthRFRxV3V4aG4yUkJIcTEwR0laeHRERGVKS0xYeFJBbQpzZTJZL0lWcFR2Ump4NEloclVFUjgvMWJ1elFOWmc1TXdJNFNtUUQ3Y3hRR2R1OTBNT0tjcXY1UVpWVG1tdDE3Ckd5YVg5ay8venFoN1dkb0ZZdndoRy8xQkNGMnZrazdITFMxL2cvWG43ZXg3eGNYR05hbGVyNlB5cGJjNG9XbUwKeThSbE5ueDVnMHhhcjZpNTFwN3VFRkE9Ci0tLS0tRU5EIENFUlRJRklDQVRFLS0tLS0K"
              }
            ],
            "master_authorized_networks_config": [
              {
                "cidr_blocks": [
                  {
                    "cidr_block": "10.0.1.0/24",
                    "display_name": ""
                  }
                ]
              }
            ],
            "master_version": "1.21.6-gke.1500",
            "min_master_version": null,
            "monitoring_config": [
              {
                "enable_components": [
                  "SYSTEM_COMPONENTS"
                ]
              }
            ],
            "monitoring_service": "monitoring.googleapis.com/kubernetes",
            "name": "my-gke-cluster",
            "network": "projects/lustrous-maxim-341315/global/networks/custom-vpc",
            "network_policy": [
              {
                "enabled": false,
                "provider": "PROVIDER_UNSPECIFIED"
              }
            ],
            "networking_mode": "VPC_NATIVE",
            "node_config": [
              {
                "boot_disk_kms_key": "",
                "disk_size_gb": 100,
                "disk_type": "pd-standard",
                "gcfs_config": [],
                "guest_accelerator": [],
                "image_type": "COS_CONTAINERD",
                "labels": {},
                "local_ssd_count": 0,
                "machine_type": "e2-medium",
                "metadata": {
                  "disable-legacy-endpoints": "true"
                },
                "min_cpu_platform": "",
                "node_group": "",
                "oauth_scopes": [
                  "https://www.googleapis.com/auth/cloud-platform"
                ],
                "preemptible": false,
                "service_account": "gke-service-acount@lustrous-maxim-341315.iam.gserviceaccount.com",
                "shielded_instance_config": [
                  {
                    "enable_integrity_monitoring": true,
                    "enable_secure_boot": false
                  }
                ],
                "tags": [],
                "taint": [],
                "workload_metadata_config": []
              }
            ],
            "node_locations": [
              "europe-west2-a",
              "europe-west2-b",
              "europe-west2-c"
            ],
            "node_pool": [
              {
                "autoscaling": [],
                "initial_node_count": 1,
                "instance_group_urls": [
                  "https://www.googleapis.com/compute/v1/projects/lustrous-maxim-341315/zones/europe-west2-c/instanceGroupManagers/gke-my-gke-cluster-my-node-pool-0bb16098-grp",
                  "https://www.googleapis.com/compute/v1/projects/lustrous-maxim-341315/zones/europe-west2-a/instanceGroupManagers/gke-my-gke-cluster-my-node-pool-6b430a8b-grp",
                  "https://www.googleapis.com/compute/v1/projects/lustrous-maxim-341315/zones/europe-west2-b/instanceGroupManagers/gke-my-gke-cluster-my-node-pool-7cd6a5dc-grp"
                ],
                "managed_instance_group_urls": [
                  "https://www.googleapis.com/compute/v1/projects/lustrous-maxim-341315/zones/europe-west2-c/instanceGroups/gke-my-gke-cluster-my-node-pool-0bb16098-grp",
                  "https://www.googleapis.com/compute/v1/projects/lustrous-maxim-341315/zones/europe-west2-a/instanceGroups/gke-my-gke-cluster-my-node-pool-6b430a8b-grp",
                  "https://www.googleapis.com/compute/v1/projects/lustrous-maxim-341315/zones/europe-west2-b/instanceGroups/gke-my-gke-cluster-my-node-pool-7cd6a5dc-grp"
                ],
                "management": [
                  {
                    "auto_repair": true,
                    "auto_upgrade": true
                  }
                ],
                "max_pods_per_node": 110,
                "name": "my-node-pool",
                "name_prefix": "",
                "node_config": [
                  {
                    "boot_disk_kms_key": "",
                    "disk_size_gb": 100,
                    "disk_type": "pd-standard",
                    "gcfs_config": [],
                    "guest_accelerator": [],
                    "image_type": "COS_CONTAINERD",
                    "labels": {},
                    "local_ssd_count": 0,
                    "machine_type": "e2-medium",
                    "metadata": {
                      "disable-legacy-endpoints": "true"
                    },
                    "min_cpu_platform": "",
                    "node_group": "",
                    "oauth_scopes": [
                      "https://www.googleapis.com/auth/cloud-platform"
                    ],
                    "preemptible": false,
                    "service_account": "gke-service-acount@lustrous-maxim-341315.iam.gserviceaccount.com",
                    "shielded_instance_config": [
                      {
                        "enable_integrity_monitoring": true,
                        "enable_secure_boot": false
                      }
                    ],
                    "tags": [],
                    "taint": [],
                    "workload_metadata_config": []
                  }
                ],
                "node_count": 1,
                "node_locations": [
                  "europe-west2-a",
                  "europe-west2-b",
                  "europe-west2-c"
                ],
                "upgrade_settings": [
                  {
                    "max_surge": 1,
                    "max_unavailable": 0
                  }
                ],
                "version": "1.21.6-gke.1500"
              }
            ],
            "node_version": "1.21.6-gke.1500",
            "operation": null,
            "private_cluster_config": [
              {
                "enable_private_endpoint": true,
                "enable_private_nodes": true,
                "master_global_access_config": [
                  {
                    "enabled": false
                  }
                ],
                "master_ipv4_cidr_block": "172.16.0.0/28",
                "peering_name": "gke-nec6b18e546de1353e40-fe82-7a4c-peer",
                "private_endpoint": "172.16.0.2",
                "public_endpoint": "34.142.54.88"
              }
            ],
            "private_ipv6_google_access": "",
            "project": "lustrous-maxim-341315",
            "release_channel": [
              {
                "channel": "REGULAR"
              }
            ],
            "remove_default_node_pool": true,
            "resource_labels": {},
            "resource_usage_export_config": [],
            "self_link": "https://container.googleapis.com/v1/projects/lustrous-maxim-341315/locations/europe-west2/clusters/my-gke-cluster",
            "services_ipv4_cidr": "10.12.0.0/16",
            "subnetwork": "projects/lustrous-maxim-341315/regions/europe-west2/subnetworks/restricted-subnet",
            "timeouts": null,
            "tpu_ipv4_cidr_block": "",
            "vertical_pod_autoscaling": [],
            "workload_identity_config": []
          },
          "sensitive_attributes": [],
          "private": "eyJlMmJmYjczMC1lY2FhLTExZTYtOGY4OC0zNDM2M2JjN2M0YzAiOnsiY3JlYXRlIjoyNDAwMDAwMDAwMDAwLCJkZWxldGUiOjI0MDAwMDAwMDAwMDAsInJlYWQiOjI0MDAwMDAwMDAwMDAsInVwZGF0ZSI6MzYwMDAwMDAwMDAwMH0sInNjaGVtYV92ZXJzaW9uIjoiMSJ9",
          "dependencies": [
            "google_compute_network.vpc_network",
            "google_compute_subnetwork.Restricted"
          ]
        }
      ]
    },
    {
      "mode": "managed",
      "type": "google_container_node_pool",
      "name": "primary_preemptible_nodes",
      "provider": "provider[\"registry.terraform.io/hashicorp/google\"]",
      "instances": [
        {
          "schema_version": 1,
          "attributes": {
            "autoscaling": [],
            "cluster": "my-gke-cluster",
            "id": "projects/lustrous-maxim-341315/locations/europe-west2/clusters/my-gke-cluster/nodePools/my-node-pool",
            "initial_node_count": 1,
            "instance_group_urls": [
              "https://www.googleapis.com/compute/v1/projects/lustrous-maxim-341315/zones/europe-west2-c/instanceGroupManagers/gke-my-gke-cluster-my-node-pool-0bb16098-grp",
              "https://www.googleapis.com/compute/v1/projects/lustrous-maxim-341315/zones/europe-west2-a/instanceGroupManagers/gke-my-gke-cluster-my-node-pool-6b430a8b-grp",
              "https://www.googleapis.com/compute/v1/projects/lustrous-maxim-341315/zones/europe-west2-b/instanceGroupManagers/gke-my-gke-cluster-my-node-pool-7cd6a5dc-grp"
            ],
            "location": "europe-west2",
            "managed_instance_group_urls": [
              "https://www.googleapis.com/compute/v1/projects/lustrous-maxim-341315/zones/europe-west2-c/instanceGroups/gke-my-gke-cluster-my-node-pool-0bb16098-grp",
              "https://www.googleapis.com/compute/v1/projects/lustrous-maxim-341315/zones/europe-west2-a/instanceGroups/gke-my-gke-cluster-my-node-pool-6b430a8b-grp",
              "https://www.googleapis.com/compute/v1/projects/lustrous-maxim-341315/zones/europe-west2-b/instanceGroups/gke-my-gke-cluster-my-node-pool-7cd6a5dc-grp"
            ],
            "management": [
              {
                "auto_repair": true,
                "auto_upgrade": true
              }
            ],
            "max_pods_per_node": 110,
            "name": "my-node-pool",
            "name_prefix": "",
            "node_config": [
              {
                "boot_disk_kms_key": "",
                "disk_size_gb": 100,
                "disk_type": "pd-standard",
                "gcfs_config": [],
                "guest_accelerator": [],
                "image_type": "COS_CONTAINERD",
                "labels": {},
                "local_ssd_count": 0,
                "machine_type": "e2-medium",
                "metadata": {
                  "disable-legacy-endpoints": "true"
                },
                "min_cpu_platform": "",
                "node_group": "",
                "oauth_scopes": [
                  "https://www.googleapis.com/auth/cloud-platform"
                ],
                "preemptible": false,
                "service_account": "gke-service-acount@lustrous-maxim-341315.iam.gserviceaccount.com",
                "shielded_instance_config": [
                  {
                    "enable_integrity_monitoring": true,
                    "enable_secure_boot": false
                  }
                ],
                "tags": [],
                "taint": [],
                "workload_metadata_config": []
              }
            ],
            "node_count": 1,
            "node_locations": [
              "europe-west2-a",
              "europe-west2-b",
              "europe-west2-c"
            ],
            "operation": null,
            "project": "lustrous-maxim-341315",
            "timeouts": null,
            "upgrade_settings": [
              {
                "max_surge": 1,
                "max_unavailable": 0
              }
            ],
            "version": "1.21.6-gke.1500"
          },
          "sensitive_attributes": [],
          "private": "eyJlMmJmYjczMC1lY2FhLTExZTYtOGY4OC0zNDM2M2JjN2M0YzAiOnsiY3JlYXRlIjoxODAwMDAwMDAwMDAwLCJkZWxldGUiOjE4MDAwMDAwMDAwMDAsInVwZGF0ZSI6MTgwMDAwMDAwMDAwMH0sInNjaGVtYV92ZXJzaW9uIjoiMSJ9",
          "dependencies": [
            "google_compute_subnetwork.Restricted",
            "google_container_cluster.primary",
            "google_service_account.custom",
            "google_compute_network.vpc_network"
          ]
        }
      ]
    },
    {
      "mode": "managed",
      "type": "google_project_iam_binding",
      "name": "role1",
      "provider": "provider[\"registry.terraform.io/hashicorp/google\"]",
      "instances": [
        {
          "schema_version": 0,
          "attributes": {
            "condition": [],
            "etag": "BwXX/yTAPPQ=",
            "id": "lustrous-maxim-341315/roles/container.admin",
            "members": [
              "serviceAccount:gke-service-acount@lustrous-maxim-341315.iam.gserviceaccount.com"
            ],
            "project": "lustrous-maxim-341315",
            "role": "roles/container.admin"
          },
          "sensitive_attributes": [],
          "private": "bnVsbA==",
          "dependencies": [
            "google_service_account.custom"
          ]
        }
      ]
    },
    {
      "mode": "managed",
      "type": "google_project_iam_binding",
      "name": "role2",
      "provider": "provider[\"registry.terraform.io/hashicorp/google\"]",
      "instances": [
        {
          "schema_version": 0,
          "attributes": {
            "condition": [],
            "etag": "BwXX/vKxBUY=",
            "id": "lustrous-maxim-341315/roles/visualinspection.serviceAgent",
            "members": [
              "serviceAccount:gke-service-acount@lustrous-maxim-341315.iam.gserviceaccount.com"
            ],
            "project": "lustrous-maxim-341315",
            "role": "roles/visualinspection.serviceAgent"
          },
          "sensitive_attributes": [],
          "private": "bnVsbA==",
          "dependencies": [
            "google_service_account.custom"
          ]
        }
      ]
    },
    {
      "mode": "managed",
      "type": "google_project_iam_binding",
      "name": "vm_service_account_role",
      "provider": "provider[\"registry.terraform.io/hashicorp/google\"]",
      "instances": [
        {
          "schema_version": 0,
          "attributes": {
            "condition": [],
            "etag": "BwXX/vKxBUY=",
            "id": "lustrous-maxim-341315/roles/container.admin",
            "members": [
              "serviceAccount:vm-service-acount@lustrous-maxim-341315.iam.gserviceaccount.com"
            ],
            "project": "lustrous-maxim-341315",
            "role": "roles/container.admin"
          },
          "sensitive_attributes": [],
          "private": "bnVsbA==",
          "dependencies": [
            "google_service_account.vm_service_account"
          ]
        }
      ]
    },
    {
      "mode": "managed",
      "type": "google_service_account",
      "name": "custom",
      "provider": "provider[\"registry.terraform.io/hashicorp/google\"]",
      "instances": [
        {
          "schema_version": 0,
          "attributes": {
            "account_id": "gke-service-acount",
            "description": "",
            "disabled": false,
            "display_name": "gke-service-acount",
            "email": "gke-service-acount@lustrous-maxim-341315.iam.gserviceaccount.com",
            "id": "projects/lustrous-maxim-341315/serviceAccounts/gke-service-acount@lustrous-maxim-341315.iam.gserviceaccount.com",
            "name": "projects/lustrous-maxim-341315/serviceAccounts/gke-service-acount@lustrous-maxim-341315.iam.gserviceaccount.com",
            "project": "lustrous-maxim-341315",
            "timeouts": null,
            "unique_id": "108962169350770486316"
          },
          "sensitive_attributes": [],
          "private": "eyJlMmJmYjczMC1lY2FhLTExZTYtOGY4OC0zNDM2M2JjN2M0YzAiOnsiY3JlYXRlIjozMDAwMDAwMDAwMDB9fQ=="
        }
      ]
    },
    {
      "mode": "managed",
      "type": "google_service_account",
      "name": "vm_service_account",
      "provider": "provider[\"registry.terraform.io/hashicorp/google\"]",
      "instances": [
        {
          "schema_version": 0,
          "attributes": {
            "account_id": "vm-service-acount",
            "description": "",
            "disabled": false,
            "display_name": "vm-service-acount",
            "email": "vm-service-acount@lustrous-maxim-341315.iam.gserviceaccount.com",
            "id": "projects/lustrous-maxim-341315/serviceAccounts/vm-service-acount@lustrous-maxim-341315.iam.gserviceaccount.com",
            "name": "projects/lustrous-maxim-341315/serviceAccounts/vm-service-acount@lustrous-maxim-341315.iam.gserviceaccount.com",
            "project": "lustrous-maxim-341315",
            "timeouts": null,
            "unique_id": "106122818568157000030"
          },
          "sensitive_attributes": [],
          "private": "eyJlMmJmYjczMC1lY2FhLTExZTYtOGY4OC0zNDM2M2JjN2M0YzAiOnsiY3JlYXRlIjozMDAwMDAwMDAwMDB9fQ=="
        }
      ]
    }
  ]
}
